
Microsoft Visual Studio Solution File, Format Version 12.00
# Visual Studio Version 17
VisualStudioVersion = 17.8.34330.188
MinimumVisualStudioVersion = 10.0.40219.1
Project("{00D1A9C2-B5F0-4AF3-8072-F6C62B433612}") = "Database2", "Database2.sqlproj", "{AC0266E1-DC88-4904-B3D7-11125091E74E}"
EndProject
Global
	GlobalSection(SolutionConfigurationPlatforms) = preSolution
		Debug|Any CPU = Debug|Any CPU
		Release|Any CPU = Release|Any CPU
	EndGlobalSection
	GlobalSection(ProjectConfigurationPlatforms) = postSolution
		{AC0266E1-DC88-4904-B3D7-11125091E74E}.Debug|Any CPU.ActiveCfg = Debug|Any CPU
		{AC0266E1-DC88-4904-B3D7-11125091E74E}.Debug|Any CPU.Build.0 = Debug|Any CPU
		{AC0266E1-DC88-4904-B3D7-11125091E74E}.Debug|Any CPU.Deploy.0 = Debug|Any CPU
		{AC0266E1-DC88-4904-B3D7-11125091E74E}.Release|Any CPU.ActiveCfg = Release|Any CPU
		{AC0266E1-DC88-4904-B3D7-11125091E74E}.Release|Any CPU.Build.0 = Release|Any CPU
		{AC0266E1-DC88-4904-B3D7-11125091E74E}.Release|Any CPU.Deploy.0 = Release|Any CPU
	EndGlobalSection
	GlobalSection(SolutionProperties) = preSolution
		HideSolutionNode = FALSE
	EndGlobalSection
	GlobalSection(ExtensibilityGlobals) = postSolution
		SolutionGuid = {18D1A8B8-F8EF-44FC-AC3A-593F10D13CE8}
	EndGlobalSection
EndGlobal
